// !$*UTF8*$!
{
	archiveVersion = 1;
	classes = {
	};
	objectVersion = 56;
	objects = {

/* Begin PBXBuildFile section */
		7B7306F729DEA2F000342490 /* MetLinkApp.swift in Sources */ = {isa = PBXBuildFile; fileRef = 7B7306F629DEA2F000342490 /* MetLinkApp.swift */; };
		7B7306F929DEA2F000342490 /* MapContentView.swift in Sources */ = {isa = PBXBuildFile; fileRef = 7B7306F829DEA2F000342490 /* MapContentView.swift */; };
		7B7306FB29DEA2F200342490 /* Assets.xcassets in Resources */ = {isa = PBXBuildFile; fileRef = 7B7306FA29DEA2F200342490 /* Assets.xcassets */; };
		7B7306FE29DEA2F200342490 /* Preview Assets.xcassets in Resources */ = {isa = PBXBuildFile; fileRef = 7B7306FD29DEA2F200342490 /* Preview Assets.xcassets */; };
		7B73070029DEA2F200342490 /* Persistence.swift in Sources */ = {isa = PBXBuildFile; fileRef = 7B7306FF29DEA2F200342490 /* Persistence.swift */; };
		7B73070329DEA2F200342490 /* MetLink.xcdatamodeld in Sources */ = {isa = PBXBuildFile; fileRef = 7B73070129DEA2F200342490 /* MetLink.xcdatamodeld */; };
		7B73070B29DEC49C00342490 /* Positions.swift in Sources */ = {isa = PBXBuildFile; fileRef = 7B73070A29DEC49C00342490 /* Positions.swift */; };
		7B73070F29DED8DA00342490 /* ConfigurationView.swift in Sources */ = {isa = PBXBuildFile; fileRef = 7B73070E29DED8DA00342490 /* ConfigurationView.swift */; };
		7B73071129DEF34B00342490 /* Notes in Resources */ = {isa = PBXBuildFile; fileRef = 7B73071029DEF34B00342490 /* Notes */; };
		7BD47E0529E156330047A9A3 /* Routes.swift in Sources */ = {isa = PBXBuildFile; fileRef = 7BD47E0429E156330047A9A3 /* Routes.swift */; };
		7BD47E0729E15BB70047A9A3 /* Globals.swift in Sources */ = {isa = PBXBuildFile; fileRef = 7BD47E0629E15BB70047A9A3 /* Globals.swift */; };
/* End PBXBuildFile section */

/* Begin PBXFileReference section */
		7B7306F329DEA2F000342490 /* MetLink.app */ = {isa = PBXFileReference; explicitFileType = wrapper.application; includeInIndex = 0; path = MetLink.app; sourceTree = BUILT_PRODUCTS_DIR; };
		7B7306F629DEA2F000342490 /* MetLinkApp.swift */ = {isa = PBXFileReference; lastKnownFileType = sourcecode.swift; path = MetLinkApp.swift; sourceTree = "<group>"; };
		7B7306F829DEA2F000342490 /* MapContentView.swift */ = {isa = PBXFileReference; lastKnownFileType = sourcecode.swift; path = MapContentView.swift; sourceTree = "<group>"; };
		7B7306FA29DEA2F200342490 /* Assets.xcassets */ = {isa = PBXFileReference; lastKnownFileType = folder.assetcatalog; path = Assets.xcassets; sourceTree = "<group>"; };
		7B7306FD29DEA2F200342490 /* Preview Assets.xcassets */ = {isa = PBXFileReference; lastKnownFileType = folder.assetcatalog; path = "Preview Assets.xcassets"; sourceTree = "<group>"; };
		7B7306FF29DEA2F200342490 /* Persistence.swift */ = {isa = PBXFileReference; lastKnownFileType = sourcecode.swift; path = Persistence.swift; sourceTree = "<group>"; };
		7B73070229DEA2F200342490 /* MetLink.xcdatamodel */ = {isa = PBXFileReference; lastKnownFileType = wrapper.xcdatamodel; path = MetLink.xcdatamodel; sourceTree = "<group>"; };
		7B73070429DEA2F200342490 /* Info.plist */ = {isa = PBXFileReference; lastKnownFileType = text.plist.xml; path = Info.plist; sourceTree = "<group>"; };
		7B73070A29DEC49C00342490 /* Positions.swift */ = {isa = PBXFileReference; lastKnownFileType = sourcecode.swift; path = Positions.swift; sourceTree = "<group>"; };
		7B73070E29DED8DA00342490 /* ConfigurationView.swift */ = {isa = PBXFileReference; lastKnownFileType = sourcecode.swift; path = ConfigurationView.swift; sourceTree = "<group>"; };
		7B73071029DEF34B00342490 /* Notes */ = {isa = PBXFileReference; lastKnownFileType = text; path = Notes; sourceTree = "<group>"; };
		7BD47E0429E156330047A9A3 /* Routes.swift */ = {isa = PBXFileReference; lastKnownFileType = sourcecode.swift; path = Routes.swift; sourceTree = "<group>"; };
		7BD47E0629E15BB70047A9A3 /* Globals.swift */ = {isa = PBXFileReference; lastKnownFileType = sourcecode.swift; path = Globals.swift; sourceTree = "<group>"; };
/* End PBXFileReference section */

/* Begin PBXFrameworksBuildPhase section */
		7B7306F029DEA2F000342490 /* Frameworks */ = {
			isa = PBXFrameworksBuildPhase;
			buildActionMask = 2147483647;
			files = (
			);
			runOnlyForDeploymentPostprocessing = 0;
		};
/* End PBXFrameworksBuildPhase section */

/* Begin PBXGroup section */
		7B7306EA29DEA2F000342490 = {
			isa = PBXGroup;
			children = (
				7B7306F529DEA2F000342490 /* MetLink */,
				7B7306F429DEA2F000342490 /* Products */,
			);
			sourceTree = "<group>";
		};
		7B7306F429DEA2F000342490 /* Products */ = {
			isa = PBXGroup;
			children = (
				7B7306F329DEA2F000342490 /* MetLink.app */,
			);
			name = Products;
			sourceTree = "<group>";
		};
		7B7306F529DEA2F000342490 /* MetLink */ = {
			isa = PBXGroup;
			children = (
				7B73070D29DED80900342490 /* View */,
				7B73070C29DED7F700342490 /* Model */,
				7B7306FA29DEA2F200342490 /* Assets.xcassets */,
				7B7306FF29DEA2F200342490 /* Persistence.swift */,
				7B73070429DEA2F200342490 /* Info.plist */,
				7B73070129DEA2F200342490 /* MetLink.xcdatamodeld */,
				7B7306FC29DEA2F200342490 /* Preview Content */,
				7B73071029DEF34B00342490 /* Notes */,
			);
			path = MetLink;
			sourceTree = "<group>";
		};
		7B7306FC29DEA2F200342490 /* Preview Content */ = {
			isa = PBXGroup;
			children = (
				7B7306FD29DEA2F200342490 /* Preview Assets.xcassets */,
			);
			path = "Preview Content";
			sourceTree = "<group>";
		};
		7B73070C29DED7F700342490 /* Model */ = {
			isa = PBXGroup;
			children = (
				7BD47E0429E156330047A9A3 /* Routes.swift */,
				7B73070A29DEC49C00342490 /* Positions.swift */,
				7BD47E0629E15BB70047A9A3 /* Globals.swift */,
			);
			path = Model;
			sourceTree = "<group>";
		};
		7B73070D29DED80900342490 /* View */ = {
			isa = PBXGroup;
			children = (
				7B7306F829DEA2F000342490 /* MapContentView.swift */,
				7B7306F629DEA2F000342490 /* MetLinkApp.swift */,
				7B73070E29DED8DA00342490 /* ConfigurationView.swift */,
			);
			path = View;
			sourceTree = "<group>";
		};
/* End PBXGroup section */

/* Begin PBXNativeTarget section */
		7B7306F229DEA2F000342490 /* MetLink */ = {
			isa = PBXNativeTarget;
			buildConfigurationList = 7B73070729DEA2F200342490 /* Build configuration list for PBXNativeTarget "MetLink" */;
			buildPhases = (
				7B7306EF29DEA2F000342490 /* Sources */,
				7B7306F029DEA2F000342490 /* Frameworks */,
				7B7306F129DEA2F000342490 /* Resources */,
			);
			buildRules = (
			);
			dependencies = (
			);
			name = MetLink;
			productName = MetLink;
			productReference = 7B7306F329DEA2F000342490 /* MetLink.app */;
			productType = "com.apple.product-type.application";
		};
/* End PBXNativeTarget section */

/* Begin PBXProject section */
		7B7306EB29DEA2F000342490 /* Project object */ = {
			isa = PBXProject;
			attributes = {
				BuildIndependentTargetsInParallel = 1;
				LastSwiftUpdateCheck = 1420;
				LastUpgradeCheck = 1420;
				TargetAttributes = {
					7B7306F229DEA2F000342490 = {
						CreatedOnToolsVersion = 14.2;
					};
				};
			};
			buildConfigurationList = 7B7306EE29DEA2F000342490 /* Build configuration list for PBXProject "MetLink" */;
			compatibilityVersion = "Xcode 14.0";
			developmentRegion = en;
			hasScannedForEncodings = 0;
			knownRegions = (
				en,
				Base,
			);
			mainGroup = 7B7306EA29DEA2F000342490;
			productRefGroup = 7B7306F429DEA2F000342490 /* Products */;
			projectDirPath = "";
			projectRoot = "";
			targets = (
				7B7306F229DEA2F000342490 /* MetLink */,
			);
		};
/* End PBXProject section */

/* Begin PBXResourcesBuildPhase section */
		7B7306F129DEA2F000342490 /* Resources */ = {
			isa = PBXResourcesBuildPhase;
			buildActionMask = 2147483647;
			files = (
				7B73071129DEF34B00342490 /* Notes in Resources */,
				7B7306FE29DEA2F200342490 /* Preview Assets.xcassets in Resources */,
				7B7306FB29DEA2F200342490 /* Assets.xcassets in Resources */,
			);
			runOnlyForDeploymentPostprocessing = 0;
		};
/* End PBXResourcesBuildPhase section */

/* Begin PBXSourcesBuildPhase section */
		7B7306EF29DEA2F000342490 /* Sources */ = {
			isa = PBXSourcesBuildPhase;
			buildActionMask = 2147483647;
			files = (
				7B73070329DEA2F200342490 /* MetLink.xcdatamodeld in Sources */,
				7B73070029DEA2F200342490 /* Persistence.swift in Sources */,
				7B73070F29DED8DA00342490 /* ConfigurationView.swift in Sources */,
				7BD47E0529E156330047A9A3 /* Routes.swift in Sources */,
				7BD47E0729E15BB70047A9A3 /* Globals.swift in Sources */,
				7B73070B29DEC49C00342490 /* Positions.swift in Sources */,
				7B7306F929DEA2F000342490 /* MapContentView.swift in Sources */,
				7B7306F729DEA2F000342490 /* MetLinkApp.swift in Sources */,
			);
			runOnlyForDeploymentPostprocessing = 0;
		};
/* End PBXSourcesBuildPhase section */

/* Begin XCBuildConfiguration section */
		7B73070529DEA2F200342490 /* Debug */ = {
			isa = XCBuildConfiguration;
			buildSettings = {
				ALWAYS_SEARCH_USER_PATHS = NO;
				CLANG_ANALYZER_NONNULL = YES;
				CLANG_ANALYZER_NUMBER_OBJECT_CONVERSION = YES_AGGRESSIVE;
				CLANG_CXX_LANGUAGE_STANDARD = "gnu++20";
				CLANG_ENABLE_MODULES = YES;
				CLANG_ENABLE_OBJC_ARC = YES;
				CLANG_ENABLE_OBJC_WEAK = YES;
				CLANG_WARN_BLOCK_CAPTURE_AUTORELEASING = YES;
				CLANG_WARN_BOOL_CONVERSION = YES;
				CLANG_WARN_COMMA = YES;
				CLANG_WARN_CONSTANT_CONVERSION = YES;
				CLANG_WARN_DEPRECATED_OBJC_IMPLEMENTATIONS = YES;
				CLANG_WARN_DIRECT_OBJC_ISA_USAGE = YES_ERROR;
				CLANG_WARN_DOCUMENTATION_COMMENTS = YES;
				CLANG_WARN_EMPTY_BODY = YES;
				CLANG_WARN_ENUM_CONVERSION = YES;
				CLANG_WARN_INFINITE_RECURSION = YES;
				CLANG_WARN_INT_CONVERSION = YES;
				CLANG_WARN_NON_LITERAL_NULL_CONVERSION = YES;
				CLANG_WARN_OBJC_IMPLICIT_RETAIN_SELF = YES;
				CLANG_WARN_OBJC_LITERAL_CONVERSION = YES;
				CLANG_WARN_OBJC_ROOT_CLASS = YES_ERROR;
				CLANG_WARN_QUOTED_INCLUDE_IN_FRAMEWORK_HEADER = YES;
				CLANG_WARN_RANGE_LOOP_ANALYSIS = YES;
				CLANG_WARN_STRICT_PROTOTYPES = YES;
				CLANG_WARN_SUSPICIOUS_MOVE = YES;
				CLANG_WARN_UNGUARDED_AVAILABILITY = YES_AGGRESSIVE;
				CLANG_WARN_UNREACHABLE_CODE = YES;
				CLANG_WARN__DUPLICATE_METHOD_MATCH = YES;
				COPY_PHASE_STRIP = NO;
				DEBUG_INFORMATION_FORMAT = dwarf;
				ENABLE_STRICT_OBJC_MSGSEND = YES;
				ENABLE_TESTABILITY = YES;
				GCC_C_LANGUAGE_STANDARD = gnu11;
				GCC_DYNAMIC_NO_PIC = NO;
				GCC_NO_COMMON_BLOCKS = YES;
				GCC_OPTIMIZATION_LEVEL = 0;
				GCC_PREPROCESSOR_DEFINITIONS = (
					"DEBUG=1",
					"$(inherited)",
				);
				GCC_WARN_64_TO_32_BIT_CONVERSION = YES;
				GCC_WARN_ABOUT_RETURN_TYPE = YES_ERROR;
				GCC_WARN_UNDECLARED_SELECTOR = YES;
				GCC_WARN_UNINITIALIZED_AUTOS = YES_AGGRESSIVE;
				GCC_WARN_UNUSED_FUNCTION = YES;
				GCC_WARN_UNUSED_VARIABLE = YES;
				IPHONEOS_DEPLOYMENT_TARGET = 16.2;
				MTL_ENABLE_DEBUG_INFO = INCLUDE_SOURCE;
				MTL_FAST_MATH = YES;
				ONLY_ACTIVE_ARCH = YES;
				SDKROOT = iphoneos;
				SWIFT_ACTIVE_COMPILATION_CONDITIONS = DEBUG;
				SWIFT_OPTIMIZATION_LEVEL = "-Onone";
			};
			name = Debug;
		};
		7B73070629DEA2F200342490 /* Release */ = {
			isa = XCBuildConfiguration;
			buildSettings = {
				ALWAYS_SEARCH_USER_PATHS = NO;
				CLANG_ANALYZER_NONNULL = YES;
				CLANG_ANALYZER_NUMBER_OBJECT_CONVERSION = YES_AGGRESSIVE;
				CLANG_CXX_LANGUAGE_STANDARD = "gnu++20";
				CLANG_ENABLE_MODULES = YES;
				CLANG_ENABLE_OBJC_ARC = YES;
				CLANG_ENABLE_OBJC_WEAK = YES;
				CLANG_WARN_BLOCK_CAPTURE_AUTORELEASING = YES;
				CLANG_WARN_BOOL_CONVERSION = YES;
				CLANG_WARN_COMMA = YES;
				CLANG_WARN_CONSTANT_CONVERSION = YES;
				CLANG_WARN_DEPRECATED_OBJC_IMPLEMENTATIONS = YES;
				CLANG_WARN_DIRECT_OBJC_ISA_USAGE = YES_ERROR;
				CLANG_WARN_DOCUMENTATION_COMMENTS = YES;
				CLANG_WARN_EMPTY_BODY = YES;
				CLANG_WARN_ENUM_CONVERSION = YES;
				CLANG_WARN_INFINITE_RECURSION = YES;
				CLANG_WARN_INT_CONVERSION = YES;
				CLANG_WARN_NON_LITERAL_NULL_CONVERSION = YES;
				CLANG_WARN_OBJC_IMPLICIT_RETAIN_SELF = YES;
				CLANG_WARN_OBJC_LITERAL_CONVERSION = YES;
				CLANG_WARN_OBJC_ROOT_CLASS = YES_ERROR;
				CLANG_WARN_QUOTED_INCLUDE_IN_FRAMEWORK_HEADER = YES;
				CLANG_WARN_RANGE_LOOP_ANALYSIS = YES;
				CLANG_WARN_STRICT_PROTOTYPES = YES;
				CLANG_WARN_SUSPICIOUS_MOVE = YES;
				CLANG_WARN_UNGUARDED_AVAILABILITY = YES_AGGRESSIVE;
				CLANG_WARN_UNREACHABLE_CODE = YES;
				CLANG_WARN__DUPLICATE_METHOD_MATCH = YES;
				COPY_PHASE_STRIP = NO;
				DEBUG_INFORMATION_FORMAT = "dwarf-with-dsym";
				ENABLE_NS_ASSERTIONS = NO;
				ENABLE_STRICT_OBJC_MSGSEND = YES;
				GCC_C_LANGUAGE_STANDARD = gnu11;
				GCC_NO_COMMON_BLOCKS = YES;
				GCC_WARN_64_TO_32_BIT_CONVERSION = YES;
				GCC_WARN_ABOUT_RETURN_TYPE = YES_ERROR;
				GCC_WARN_UNDECLARED_SELECTOR = YES;
				GCC_WARN_UNINITIALIZED_AUTOS = YES_AGGRESSIVE;
				GCC_WARN_UNUSED_FUNCTION = YES;
				GCC_WARN_UNUSED_VARIABLE = YES;
				IPHONEOS_DEPLOYMENT_TARGET = 16.2;
				MTL_ENABLE_DEBUG_INFO = NO;
				MTL_FAST_MATH = YES;
				SDKROOT = iphoneos;
				SWIFT_COMPILATION_MODE = wholemodule;
				SWIFT_OPTIMIZATION_LEVEL = "-O";
				VALIDATE_PRODUCT = YES;
			};
			name = Release;
		};
		7B73070829DEA2F200342490 /* Debug */ = {
			isa = XCBuildConfiguration;
			buildSettings = {
				ASSETCATALOG_COMPILER_APPICON_NAME = AppIcon;
				ASSETCATALOG_COMPILER_GLOBAL_ACCENT_COLOR_NAME = AccentColor;
				CODE_SIGN_STYLE = Automatic;
				CURRENT_PROJECT_VERSION = 1;
				DEVELOPMENT_ASSET_PATHS = "\"MetLink/Preview Content\"";
				DEVELOPMENT_TEAM = 2B6A6N9QBQ;
				ENABLE_PREVIEWS = YES;
				GENERATE_INFOPLIST_FILE = YES;
				INFOPLIST_KEY_UIApplicationSceneManifest_Generation = YES;
				INFOPLIST_KEY_UIApplicationSupportsIndirectInputEvents = YES;
				INFOPLIST_KEY_UILaunchScreen_Generation = YES;
				INFOPLIST_KEY_UISupportedInterfaceOrientations_iPad = "UIInterfaceOrientationPortrait UIInterfaceOrientationPortraitUpsideDown UIInterfaceOrientationLandscapeLeft UIInterfaceOrientationLandscapeRight";
				INFOPLIST_KEY_UISupportedInterfaceOrientations_iPhone = "UIInterfaceOrientationPortrait UIInterfaceOrientationLandscapeLeft UIInterfaceOrientationLandscapeRight";
				LD_RUNPATH_SEARCH_PATHS = (
					"$(inherited)",
					"@executable_path/Frameworks",
				);
				MARKETING_VERSION = 1.0;
				PRODUCT_BUNDLE_IDENTIFIER = com.dmurphy.westernwheelers.MetLink;
				PRODUCT_NAME = "$(TARGET_NAME)";
				SWIFT_EMIT_LOC_STRINGS = YES;
				SWIFT_VERSION = 5.0;
				TARGETED_DEVICE_FAMILY = "1,2";
			};
			name = Debug;
		};
		7B73070929DEA2F200342490 /* Release */ = {
			isa = XCBuildConfiguration;
			buildSettings = {
				ASSETCATALOG_COMPILER_APPICON_NAME = AppIcon;
				ASSETCATALOG_COMPILER_GLOBAL_ACCENT_COLOR_NAME = AccentColor;
				CODE_SIGN_STYLE = Automatic;
				CURRENT_PROJECT_VERSION = 1;
				DEVELOPMENT_ASSET_PATHS = "\"MetLink/Preview Content\"";
				DEVELOPMENT_TEAM = 2B6A6N9QBQ;
				ENABLE_PREVIEWS = YES;
				GENERATE_INFOPLIST_FILE = YES;
				INFOPLIST_KEY_UIApplicationSceneManifest_Generation = YES;
				INFOPLIST_KEY_UIApplicationSupportsIndirectInputEvents = YES;
				INFOPLIST_KEY_UILaunchScreen_Generation = YES;
				INFOPLIST_KEY_UISupportedInterfaceOrientations_iPad = "UIInterfaceOrientationPortrait UIInterfaceOrientationPortraitUpsideDown UIInterfaceOrientationLandscapeLeft UIInterfaceOrientationLandscapeRight";
				INFOPLIST_KEY_UISupportedInterfaceOrientations_iPhone = "UIInterfaceOrientationPortrait UIInterfaceOrientationLandscapeLeft UIInterfaceOrientationLandscapeRight";
				LD_RUNPATH_SEARCH_PATHS = (
					"$(inherited)",
					"@executable_path/Frameworks",
				);
				MARKETING_VERSION = 1.0;
				PRODUCT_BUNDLE_IDENTIFIER = com.dmurphy.westernwheelers.MetLink;
				PRODUCT_NAME = "$(TARGET_NAME)";
				SWIFT_EMIT_LOC_STRINGS = YES;
				SWIFT_VERSION = 5.0;
				TARGETED_DEVICE_FAMILY = "1,2";
			};
			name = Release;
		};
/* End XCBuildConfiguration section */

/* Begin XCConfigurationList section */
		7B7306EE29DEA2F000342490 /* Build configuration list for PBXProject "MetLink" */ = {
			isa = XCConfigurationList;
			buildConfigurations = (
				7B73070529DEA2F200342490 /* Debug */,
				7B73070629DEA2F200342490 /* Release */,
			);
			defaultConfigurationIsVisible = 0;
			defaultConfigurationName = Release;
		};
		7B73070729DEA2F200342490 /* Build configuration list for PBXNativeTarget "MetLink" */ = {
			isa = XCConfigurationList;
			buildConfigurations = (
				7B73070829DEA2F200342490 /* Debug */,
				7B73070929DEA2F200342490 /* Release */,
			);
			defaultConfigurationIsVisible = 0;
			defaultConfigurationName = Release;
		};
/* End XCConfigurationList section */

/* Begin XCVersionGroup section */
		7B73070129DEA2F200342490 /* MetLink.xcdatamodeld */ = {
			isa = XCVersionGroup;
			children = (
				7B73070229DEA2F200342490 /* MetLink.xcdatamodel */,
			);
			currentVersion = 7B73070229DEA2F200342490 /* MetLink.xcdatamodel */;
			path = MetLink.xcdatamodeld;
			sourceTree = "<group>";
			versionGroupType = wrapper.xcdatamodel;
		};
/* End XCVersionGroup section */
	};
	rootObject = 7B7306EB29DEA2F000342490 /* Project object */;
}
